
Microsoft Visual Studio Solution File, Format Version 12.00
# Visual Studio 2013
VisualStudioVersion = 12.0.21005.1
MinimumVisualStudioVersion = 10.0.40219.1
Project("{8BC9CEB8-8B4A-11D0-8D11-00A0C91BC942}") = "21-4", "21-4\21-4.vcxproj", "{03A228FB-AE6C-494C-AF10-6E116E0890FA}"
EndProject
Global
	GlobalSection(SolutionConfigurationPlatforms) = preSolution
		Debug|Win32 = Debug|Win32
		Release|Win32 = Release|Win32
	EndGlobalSection
	GlobalSection(ProjectConfigurationPlatforms) = postSolution
		{03A228FB-AE6C-494C-AF10-6E116E0890FA}.Debug|Win32.ActiveCfg = Debug|Win32
		{03A228FB-AE6C-494C-AF10-6E116E0890FA}.Debug|Win32.Build.0 = Debug|Win32
		{03A228FB-AE6C-494C-AF10-6E116E0890FA}.Release|Win32.ActiveCfg = Release|Win32
		{03A228FB-AE6C-494C-AF10-6E116E0890FA}.Release|Win32.Build.0 = Release|Win32
	EndGlobalSection
	GlobalSection(SolutionProperties) = preSolution
		HideSolutionNode = FALSE
	EndGlobalSection
EndGlobal
